
Microsoft Visual Studio Solution File, Format Version 12.00
# Visual Studio 14
VisualStudioVersion = 14.0.25420.1
MinimumVisualStudioVersion = 10.0.40219.1
Project("{FAE04EC0-301F-11D3-BF4B-00C04F79EFBC}") = "08-SOLID-SRP", "08-SOLID-SRP\08-SOLID-SRP.csproj", "{7DD7B9D6-2A64-45A4-A499-46EE54681310}"
EndProject
Project("{F088123C-0E9E-452A-89E6-6BA2F21D5CAC}") = "SOLID-SRP", "SOLID-SRP\SOLID-SRP.modelproj", "{6BDAF976-5FD6-497A-89E3-1CC17EC24E3A}"
EndProject
Global
	GlobalSection(SolutionConfigurationPlatforms) = preSolution
		Debug|Any CPU = Debug|Any CPU
		Release|Any CPU = Release|Any CPU
	EndGlobalSection
	GlobalSection(ProjectConfigurationPlatforms) = postSolution
		{7DD7B9D6-2A64-45A4-A499-46EE54681310}.Debug|Any CPU.ActiveCfg = Debug|Any CPU
		{7DD7B9D6-2A64-45A4-A499-46EE54681310}.Debug|Any CPU.Build.0 = Debug|Any CPU
		{7DD7B9D6-2A64-45A4-A499-46EE54681310}.Release|Any CPU.ActiveCfg = Release|Any CPU
		{7DD7B9D6-2A64-45A4-A499-46EE54681310}.Release|Any CPU.Build.0 = Release|Any CPU
		{6BDAF976-5FD6-497A-89E3-1CC17EC24E3A}.Debug|Any CPU.ActiveCfg = Debug|Any CPU
		{6BDAF976-5FD6-497A-89E3-1CC17EC24E3A}.Debug|Any CPU.Build.0 = Debug|Any CPU
		{6BDAF976-5FD6-497A-89E3-1CC17EC24E3A}.Release|Any CPU.ActiveCfg = Release|Any CPU
		{6BDAF976-5FD6-497A-89E3-1CC17EC24E3A}.Release|Any CPU.Build.0 = Release|Any CPU
	EndGlobalSection
	GlobalSection(SolutionProperties) = preSolution
		HideSolutionNode = FALSE
	EndGlobalSection
EndGlobal
